dependencies:
- name: eck-elasticsearch
  repository: https://helm.elastic.co
  version: 0.2.0
- name: eck-kibana
  repository: https://helm.elastic.co
  version: 0.2.0
- name: eck-agent
  repository: https://helm.elastic.co
  version: 0.2.0
- name: eck-fleet-server
  repository: https://helm.elastic.co
  version: 0.2.0
- name: eck-beats
  repository: https://helm.elastic.co
  version: 0.1.0
digest: sha256:bdfd37d0701498688ae368c09b7fea72a091c0d45314b1d5a97545a59241aa5a
generated: "2023-01-13T13:50:02.206245-06:00"
